
Microsoft Visual Studio Solution File, Format Version 12.00
# Visual Studio Version 16
VisualStudioVersion = 16.0.30717.126
MinimumVisualStudioVersion = 10.0.40219.1
Project("{FAE04EC0-301F-11D3-BF4B-00C04F79EFBC}") = "GAM1", "GAM1\GAM1.csproj", "{1303738A-2CA4-4929-95C4-4C9BE5A6F5A9}"
EndProject
Global
	GlobalSection(SolutionConfigurationPlatforms) = preSolution
		Debug|Any CPU = Debug|Any CPU
		Release|Any CPU = Release|Any CPU
	EndGlobalSection
	GlobalSection(ProjectConfigurationPlatforms) = postSolution
		{1303738A-2CA4-4929-95C4-4C9BE5A6F5A9}.Debug|Any CPU.ActiveCfg = Debug|Any CPU
		{1303738A-2CA4-4929-95C4-4C9BE5A6F5A9}.Debug|Any CPU.Build.0 = Debug|Any CPU
		{1303738A-2CA4-4929-95C4-4C9BE5A6F5A9}.Release|Any CPU.ActiveCfg = Release|Any CPU
		{1303738A-2CA4-4929-95C4-4C9BE5A6F5A9}.Release|Any CPU.Build.0 = Release|Any CPU
	EndGlobalSection
	GlobalSection(SolutionProperties) = preSolution
		HideSolutionNode = FALSE
	EndGlobalSection
	GlobalSection(ExtensibilityGlobals) = postSolution
		SolutionGuid = {AA096E45-7C3A-402E-89C1-52742ACF0558}
	EndGlobalSection
EndGlobal
